
Microsoft Visual Studio Solution File, Format Version 12.00
# Visual Studio Version 16
VisualStudioVersion = 16.0.29519.181
MinimumVisualStudioVersion = 10.0.40219.1
Project("{FAE04EC0-301F-11D3-BF4B-00C04F79EFBC}") = "SimpleUsage", "SimpleUsage\SimpleUsage.csproj", "{0F9837C5-8590-4DA4-82D9-75BF0E933E01}"
EndProject
Project("{FAE04EC0-301F-11D3-BF4B-00C04F79EFBC}") = "WithModuleUsage", "WithModuleUsage\WithModuleUsage.csproj", "{424B567A-F4C1-4116-B883-DB0620808FD3}"
EndProject
Global
	GlobalSection(SolutionConfigurationPlatforms) = preSolution
		Debug|Any CPU = Debug|Any CPU
		Release|Any CPU = Release|Any CPU
	EndGlobalSection
	GlobalSection(ProjectConfigurationPlatforms) = postSolution
		{0F9837C5-8590-4DA4-82D9-75BF0E933E01}.Debug|Any CPU.ActiveCfg = Debug|Any CPU
		{0F9837C5-8590-4DA4-82D9-75BF0E933E01}.Debug|Any CPU.Build.0 = Debug|Any CPU
		{0F9837C5-8590-4DA4-82D9-75BF0E933E01}.Release|Any CPU.ActiveCfg = Release|Any CPU
		{0F9837C5-8590-4DA4-82D9-75BF0E933E01}.Release|Any CPU.Build.0 = Release|Any CPU
		{424B567A-F4C1-4116-B883-DB0620808FD3}.Debug|Any CPU.ActiveCfg = Debug|Any CPU
		{424B567A-F4C1-4116-B883-DB0620808FD3}.Debug|Any CPU.Build.0 = Debug|Any CPU
		{424B567A-F4C1-4116-B883-DB0620808FD3}.Release|Any CPU.ActiveCfg = Release|Any CPU
		{424B567A-F4C1-4116-B883-DB0620808FD3}.Release|Any CPU.Build.0 = Release|Any CPU
	EndGlobalSection
	GlobalSection(SolutionProperties) = preSolution
		HideSolutionNode = FALSE
	EndGlobalSection
	GlobalSection(ExtensibilityGlobals) = postSolution
		SolutionGuid = {BAFA00DD-0C57-4FD1-8370-61FAECE44C29}
	EndGlobalSection
EndGlobal
