
Microsoft Visual Studio Solution File, Format Version 12.00
# Visual Studio Version 16
VisualStudioVersion = 16.0.29519.181
MinimumVisualStudioVersion = 10.0.40219.1
Project("{9A19103F-16F7-4668-BE54-9A1E7A4F7556}") = "Cpbp", "Cpbp\Cpbp.csproj", "{DB7B2B5E-2EE8-4F5E-A76D-A21CC906E968}"
EndProject
Project("{9A19103F-16F7-4668-BE54-9A1E7A4F7556}") = "Cpbp.Tests", "Cpbp.Tests\Cpbp.Tests.csproj", "{3D2F1639-5D7A-4A4A-9C89-F339EB986A1C}"
EndProject
Project("{FAE04EC0-301F-11D3-BF4B-00C04F79EFBC}") = "Cpbp.Core", "Cpbp.Core\Cpbp.Core.csproj", "{7ED7D5C0-6ABC-4BA8-826C-DC0B81F7BDB6}"
EndProject
Global
	GlobalSection(SolutionConfigurationPlatforms) = preSolution
		Debug|Any CPU = Debug|Any CPU
		Release|Any CPU = Release|Any CPU
	EndGlobalSection
	GlobalSection(ProjectConfigurationPlatforms) = postSolution
		{DB7B2B5E-2EE8-4F5E-A76D-A21CC906E968}.Debug|Any CPU.ActiveCfg = Debug|Any CPU
		{DB7B2B5E-2EE8-4F5E-A76D-A21CC906E968}.Debug|Any CPU.Build.0 = Debug|Any CPU
		{DB7B2B5E-2EE8-4F5E-A76D-A21CC906E968}.Release|Any CPU.ActiveCfg = Release|Any CPU
		{DB7B2B5E-2EE8-4F5E-A76D-A21CC906E968}.Release|Any CPU.Build.0 = Release|Any CPU
		{3D2F1639-5D7A-4A4A-9C89-F339EB986A1C}.Debug|Any CPU.ActiveCfg = Debug|Any CPU
		{3D2F1639-5D7A-4A4A-9C89-F339EB986A1C}.Debug|Any CPU.Build.0 = Debug|Any CPU
		{3D2F1639-5D7A-4A4A-9C89-F339EB986A1C}.Release|Any CPU.ActiveCfg = Release|Any CPU
		{3D2F1639-5D7A-4A4A-9C89-F339EB986A1C}.Release|Any CPU.Build.0 = Release|Any CPU
		{7ED7D5C0-6ABC-4BA8-826C-DC0B81F7BDB6}.Debug|Any CPU.ActiveCfg = Debug|Any CPU
		{7ED7D5C0-6ABC-4BA8-826C-DC0B81F7BDB6}.Debug|Any CPU.Build.0 = Debug|Any CPU
		{7ED7D5C0-6ABC-4BA8-826C-DC0B81F7BDB6}.Release|Any CPU.ActiveCfg = Release|Any CPU
		{7ED7D5C0-6ABC-4BA8-826C-DC0B81F7BDB6}.Release|Any CPU.Build.0 = Release|Any CPU
	EndGlobalSection
	GlobalSection(SolutionProperties) = preSolution
		HideSolutionNode = FALSE
	EndGlobalSection
	GlobalSection(ExtensibilityGlobals) = postSolution
		SolutionGuid = {238ADA7F-DA01-405F-A883-ED1B744CFCC9}
	EndGlobalSection
EndGlobal
